
Microsoft Visual Studio Solution File, Format Version 12.00
# Visual Studio 2012
Project("{FAE04EC0-301F-11D3-BF4B-00C04F79EFBC}") = "CafeBar", "CafeBar\CafeBar.csproj", "{4B269946-537C-4096-A33B-FFA6EA0E2C41}"
EndProject
Project("{FAE04EC0-301F-11D3-BF4B-00C04F79EFBC}") = "Negocio", "Negocio\Negocio.csproj", "{A4341B4F-8D39-4794-A033-A5757DD05590}"
EndProject
Project("{FAE04EC0-301F-11D3-BF4B-00C04F79EFBC}") = "Datos", "Datos\Datos.csproj", "{DDC95018-318E-4ED3-A450-225FEA947F0A}"
EndProject
Global
	GlobalSection(SolutionConfigurationPlatforms) = preSolution
		Debug|Any CPU = Debug|Any CPU
		Release|Any CPU = Release|Any CPU
	EndGlobalSection
	GlobalSection(ProjectConfigurationPlatforms) = postSolution
		{4B269946-537C-4096-A33B-FFA6EA0E2C41}.Debug|Any CPU.ActiveCfg = Debug|Any CPU
		{4B269946-537C-4096-A33B-FFA6EA0E2C41}.Debug|Any CPU.Build.0 = Debug|Any CPU
		{4B269946-537C-4096-A33B-FFA6EA0E2C41}.Release|Any CPU.ActiveCfg = Release|Any CPU
		{4B269946-537C-4096-A33B-FFA6EA0E2C41}.Release|Any CPU.Build.0 = Release|Any CPU
		{A4341B4F-8D39-4794-A033-A5757DD05590}.Debug|Any CPU.ActiveCfg = Debug|Any CPU
		{A4341B4F-8D39-4794-A033-A5757DD05590}.Debug|Any CPU.Build.0 = Debug|Any CPU
		{A4341B4F-8D39-4794-A033-A5757DD05590}.Release|Any CPU.ActiveCfg = Release|Any CPU
		{A4341B4F-8D39-4794-A033-A5757DD05590}.Release|Any CPU.Build.0 = Release|Any CPU
		{DDC95018-318E-4ED3-A450-225FEA947F0A}.Debug|Any CPU.ActiveCfg = Debug|Any CPU
		{DDC95018-318E-4ED3-A450-225FEA947F0A}.Debug|Any CPU.Build.0 = Debug|Any CPU
		{DDC95018-318E-4ED3-A450-225FEA947F0A}.Release|Any CPU.ActiveCfg = Release|Any CPU
		{DDC95018-318E-4ED3-A450-225FEA947F0A}.Release|Any CPU.Build.0 = Release|Any CPU
	EndGlobalSection
	GlobalSection(SolutionProperties) = preSolution
		HideSolutionNode = FALSE
	EndGlobalSection
EndGlobal
